{
  "object": {
    "pins": [
      {
        "package": "MaterialForm",
        "repositoryURL": "https://github.com/GirAppe/MaterialForm.git",
        "state": {
          "branch": "master",
          "revision": "5e97f43932dfd2cc6bfebd2d1fb928f5858f1042",
          "version": null
        }
      }
    ]
  },
  "version": 1
}
