{
  "object": {
    "pins": [
      {
        "package": "MaterialForm",
        "repositoryURL": "git@github.com:amichnia/MaterialForm.git",
        "state": {
          "branch": null,
          "revision": "039fccf81704be7a0ff999ea29807b87e9f1fdc5",
          "version": "0.0.1"
        }
      }
    ]
  },
  "version": 1
}
