{
  "object": {
    "pins": [
      {
        "package": "MaterialForm",
        "repositoryURL": "https://github.com/GirAppe/MaterialForm.git",
        "state": {
          "branch": "master",
          "revision": "7a96f910e3b4f5cfc08daff4ef2fee71291987ed",
          "version": null
        }
      }
    ]
  },
  "version": 1
}
